
Microsoft Visual Studio Solution File, Format Version 12.00
# Visual Studio Version 16
VisualStudioVersion = 16.0.30907.101
MinimumVisualStudioVersion = 10.0.40219.1
Project("{888888A0-9F3D-457C-B088-3A5042F75D52}") = "Python_Practica2", "Python_Practica2\Python_Practica2.pyproj", "{EC5DD186-711D-4338-9DD5-0066B3A3F0EC}"
EndProject
Global
	GlobalSection(SolutionConfigurationPlatforms) = preSolution
		Debug|Any CPU = Debug|Any CPU
		Release|Any CPU = Release|Any CPU
	EndGlobalSection
	GlobalSection(ProjectConfigurationPlatforms) = postSolution
		{EC5DD186-711D-4338-9DD5-0066B3A3F0EC}.Debug|Any CPU.ActiveCfg = Debug|Any CPU
		{EC5DD186-711D-4338-9DD5-0066B3A3F0EC}.Release|Any CPU.ActiveCfg = Release|Any CPU
	EndGlobalSection
	GlobalSection(SolutionProperties) = preSolution
		HideSolutionNode = FALSE
	EndGlobalSection
	GlobalSection(ExtensibilityGlobals) = postSolution
		SolutionGuid = {F6E300CA-3AE8-4DDC-A0B3-CAA105B9C854}
	EndGlobalSection
EndGlobal
